
Microsoft Visual Studio Solution File, Format Version 12.00
# Visual Studio Version 17
VisualStudioVersion = 17.4.33122.133
MinimumVisualStudioVersion = 10.0.40219.1
Project("{FAE04EC0-301F-11D3-BF4B-00C04F79EFBC}") = "WA4", "WA4\WA4.csproj", "{C64B51C8-C376-4D36-BC87-5B84CC308784}"
EndProject
Global
	GlobalSection(SolutionConfigurationPlatforms) = preSolution
		Debug|Any CPU = Debug|Any CPU
		Release|Any CPU = Release|Any CPU
	EndGlobalSection
	GlobalSection(ProjectConfigurationPlatforms) = postSolution
		{C64B51C8-C376-4D36-BC87-5B84CC308784}.Debug|Any CPU.ActiveCfg = Debug|Any CPU
		{C64B51C8-C376-4D36-BC87-5B84CC308784}.Debug|Any CPU.Build.0 = Debug|Any CPU
		{C64B51C8-C376-4D36-BC87-5B84CC308784}.Release|Any CPU.ActiveCfg = Release|Any CPU
		{C64B51C8-C376-4D36-BC87-5B84CC308784}.Release|Any CPU.Build.0 = Release|Any CPU
	EndGlobalSection
	GlobalSection(SolutionProperties) = preSolution
		HideSolutionNode = FALSE
	EndGlobalSection
	GlobalSection(ExtensibilityGlobals) = postSolution
		SolutionGuid = {C096B6A8-0CA8-4A5B-B1EE-4178AFCC758B}
	EndGlobalSection
EndGlobal
